{
  "name": "scriblio-canvas",
  "version": "1.0.0",
  "lockfileVersion": 3,
  "requires": true,
  "packages": {
    "": {
      "name": "scriblio-canvas",
      "version": "1.0.0",
      "license": "ISC",
      "dependencies": {
        "canvas-utilities": "^2.3.0",
        "roughjs": "^4.6.6"
      },
      "devDependencies": {
        "@types/node": "^24.3.1",
        "typescript": "^5.9.2"
      }
    },
    "node_modules/@types/node": {
      "version": "24.3.1",
      "resolved": "https://registry.npmjs.org/@types/node/-/node-24.3.1.tgz",
      "integrity": "sha512-3vXmQDXy+woz+gnrTvuvNrPzekOi+Ds0ReMxw0LzBiK3a+1k0kQn9f2NWk+lgD4rJehFUmYy2gMhJ2ZI+7YP9g==",
      "dev": true,
      "license": "MIT",
      "dependencies": {
        "undici-types": "~7.10.0"
      }
    },
    "node_modules/canvas": {
      "version": "1.6.13",
      "resolved": "https://registry.npmjs.org/canvas/-/canvas-1.6.13.tgz",
      "integrity": "sha512-XAfzfEOHZ3JIPjEV+WSI6PpISgUta3dgmndWbsajotz+0TQOX/jDpp2kawjRERatOGv9sMMzk5auB3GKEKA6hg==",
      "hasInstallScript": true,
      "license": "MIT",
      "optional": true,
      "dependencies": {
        "nan": "^2.10.0"
      },
      "engines": {
        "node": ">=0.8.0"
      }
    },
    "node_modules/canvas-utilities": {
      "version": "2.3.0",
      "resolved": "https://registry.npmjs.org/canvas-utilities/-/canvas-utilities-2.3.0.tgz",
      "integrity": "sha512-1M9gDDXfLatfmBhrJ1G8F1akwPES0cX+Qb/DwY0Feu/0FLOqioNJfyOBaibVJQ+o/TbMwQB8tUH8u+6Id/Kngw==",
      "license": "BSD-2-Clause",
      "dependencies": {
        "lodash": "^4.5.1",
        "onecolor": "^2.5.0",
        "poisson-disc-sampler": "^1.1.0",
        "victor": "^1.1.0"
      },
      "optionalDependencies": {
        "canvas": "^1.3.10"
      }
    },
    "node_modules/hachure-fill": {
      "version": "0.5.2",
      "resolved": "https://registry.npmjs.org/hachure-fill/-/hachure-fill-0.5.2.tgz",
      "integrity": "sha512-3GKBOn+m2LX9iq+JC1064cSFprJY4jL1jCXTcpnfER5HYE2l/4EfWSGzkPa/ZDBmYI0ZOEj5VHV/eKnPGkHuOg==",
      "license": "MIT"
    },
    "node_modules/lodash": {
      "version": "4.17.21",
      "resolved": "https://registry.npmjs.org/lodash/-/lodash-4.17.21.tgz",
      "integrity": "sha512-v2kDEe57lecTulaDIuNTPy3Ry4gLGJ6Z1O3vE1krgXZNrsQ+LFTGHVxVjcXPs17LhbZVGedAJv8XZ1tvj5FvSg==",
      "license": "MIT"
    },
    "node_modules/nan": {
      "version": "2.23.0",
      "resolved": "https://registry.npmjs.org/nan/-/nan-2.23.0.tgz",
      "integrity": "sha512-1UxuyYGdoQHcGg87Lkqm3FzefucTa0NAiOcuRsDmysep3c1LVCRK2krrUDafMWtjSG04htvAmvg96+SDknOmgQ==",
      "license": "MIT",
      "optional": true
    },
    "node_modules/onecolor": {
      "version": "2.5.0",
      "resolved": "https://registry.npmjs.org/onecolor/-/onecolor-2.5.0.tgz",
      "integrity": "sha512-OdUvcyPnJ+o35vXb6RIY3fxJITm+EGcfFECanoOKnISTFG+Pl/I1n5TcbxH+KHC310+RopEG4Cccz+naDWAD2A==",
      "engines": {
        "node": ">=0.4.8"
      }
    },
    "node_modules/path-data-parser": {
      "version": "0.1.0",
      "resolved": "https://registry.npmjs.org/path-data-parser/-/path-data-parser-0.1.0.tgz",
      "integrity": "sha512-NOnmBpt5Y2RWbuv0LMzsayp3lVylAHLPUTut412ZA3l+C4uw4ZVkQbjShYCQ8TCpUMdPapr4YjUqLYD6v68j+w==",
      "license": "MIT"
    },
    "node_modules/points-on-curve": {
      "version": "0.2.0",
      "resolved": "https://registry.npmjs.org/points-on-curve/-/points-on-curve-0.2.0.tgz",
      "integrity": "sha512-0mYKnYYe9ZcqMCWhUjItv/oHjvgEsfKvnUTg8sAtnHr3GVy7rGkXCb6d5cSyqrWqL4k81b9CPg3urd+T7aop3A==",
      "license": "MIT"
    },
    "node_modules/points-on-path": {
      "version": "0.2.1",
      "resolved": "https://registry.npmjs.org/points-on-path/-/points-on-path-0.2.1.tgz",
      "integrity": "sha512-25ClnWWuw7JbWZcgqY/gJ4FQWadKxGWk+3kR/7kD0tCaDtPPMj7oHu2ToLaVhfpnHrZzYby2w6tUA0eOIuUg8g==",
      "license": "MIT",
      "dependencies": {
        "path-data-parser": "0.1.0",
        "points-on-curve": "0.2.0"
      }
    },
    "node_modules/poisson-disc-sampler": {
      "version": "1.1.0",
      "resolved": "https://registry.npmjs.org/poisson-disc-sampler/-/poisson-disc-sampler-1.1.0.tgz",
      "integrity": "sha512-dnGmK5QuR5eZJU0iHh5CdhSZD6pwDNwZSW0GZZSrJ8RkVR77SwR25v9thblxcnH8h0OlmoKRjO1B63mbvIZmKw==",
      "license": "MIT"
    },
    "node_modules/roughjs": {
      "version": "4.6.6",
      "resolved": "https://registry.npmjs.org/roughjs/-/roughjs-4.6.6.tgz",
      "integrity": "sha512-ZUz/69+SYpFN/g/lUlo2FXcIjRkSu3nDarreVdGGndHEBJ6cXPdKguS8JGxwj5HA5xIbVKSmLgr5b3AWxtRfvQ==",
      "license": "MIT",
      "dependencies": {
        "hachure-fill": "^0.5.2",
        "path-data-parser": "^0.1.0",
        "points-on-curve": "^0.2.0",
        "points-on-path": "^0.2.1"
      }
    },
    "node_modules/typescript": {
      "version": "5.9.2",
      "resolved": "https://registry.npmjs.org/typescript/-/typescript-5.9.2.tgz",
      "integrity": "sha512-CWBzXQrc/qOkhidw1OzBTQuYRbfyxDXJMVJ1XNwUHGROVmuaeiEm3OslpZ1RV96d7SKKjZKrSJu3+t/xlw3R9A==",
      "dev": true,
      "license": "Apache-2.0",
      "bin": {
        "tsc": "bin/tsc",
        "tsserver": "bin/tsserver"
      },
      "engines": {
        "node": ">=14.17"
      }
    },
    "node_modules/undici-types": {
      "version": "7.10.0",
      "resolved": "https://registry.npmjs.org/undici-types/-/undici-types-7.10.0.tgz",
      "integrity": "sha512-t5Fy/nfn+14LuOc2KNYg75vZqClpAiqscVvMygNnlsHBFpSXdJaYtXMcdNLpl/Qvc3P2cB3s6lOV51nqsFq4ag==",
      "dev": true,
      "license": "MIT"
    },
    "node_modules/victor": {
      "version": "1.1.0",
      "resolved": "https://registry.npmjs.org/victor/-/victor-1.1.0.tgz",
      "integrity": "sha512-s+EQHqIs5TNgLa3HHPr8oCpWFulQZzDX/PLaskVDeWXqEW12l54H5XD+cZ3gXrgvdOscqEcdAMXgEUZlJckQ4w=="
    }
  }
}
